
Microsoft Visual Studio Solution File, Format Version 12.00
# Visual Studio Version 16
VisualStudioVersion = 16.0.28922.388
MinimumVisualStudioVersion = 10.0.40219.1
Project("{9A19103F-16F7-4668-BE54-9A1E7A4F7556}") = "GuildLeaderConsole", "GuildLeaderConsole\GuildLeaderConsole.csproj", "{4E85B3BF-9434-41A1-9B38-A200E359719D}"
EndProject
Project("{FAE04EC0-301F-11D3-BF4B-00C04F79EFBC}") = "GuildLeaderTest", "GuildLeaderTest\GuildLeaderTest.csproj", "{6D8418F2-01C4-47A7-B09C-2C0A00DCCB5A}"
EndProject
Project("{FAE04EC0-301F-11D3-BF4B-00C04F79EFBC}") = "GuildLeader", "GuildLeader\GuildLeader.csproj", "{7AD07725-43D9-4476-AABB-F5FC0A539CAE}"
EndProject
Global
	GlobalSection(SolutionConfigurationPlatforms) = preSolution
		Debug|Any CPU = Debug|Any CPU
		Release|Any CPU = Release|Any CPU
	EndGlobalSection
	GlobalSection(ProjectConfigurationPlatforms) = postSolution
		{4E85B3BF-9434-41A1-9B38-A200E359719D}.Debug|Any CPU.ActiveCfg = Debug|Any CPU
		{4E85B3BF-9434-41A1-9B38-A200E359719D}.Debug|Any CPU.Build.0 = Debug|Any CPU
		{4E85B3BF-9434-41A1-9B38-A200E359719D}.Release|Any CPU.ActiveCfg = Release|Any CPU
		{4E85B3BF-9434-41A1-9B38-A200E359719D}.Release|Any CPU.Build.0 = Release|Any CPU
		{6D8418F2-01C4-47A7-B09C-2C0A00DCCB5A}.Debug|Any CPU.ActiveCfg = Debug|Any CPU
		{6D8418F2-01C4-47A7-B09C-2C0A00DCCB5A}.Debug|Any CPU.Build.0 = Debug|Any CPU
		{6D8418F2-01C4-47A7-B09C-2C0A00DCCB5A}.Release|Any CPU.ActiveCfg = Release|Any CPU
		{6D8418F2-01C4-47A7-B09C-2C0A00DCCB5A}.Release|Any CPU.Build.0 = Release|Any CPU
		{7AD07725-43D9-4476-AABB-F5FC0A539CAE}.Debug|Any CPU.ActiveCfg = Debug|Any CPU
		{7AD07725-43D9-4476-AABB-F5FC0A539CAE}.Debug|Any CPU.Build.0 = Debug|Any CPU
		{7AD07725-43D9-4476-AABB-F5FC0A539CAE}.Release|Any CPU.ActiveCfg = Release|Any CPU
		{7AD07725-43D9-4476-AABB-F5FC0A539CAE}.Release|Any CPU.Build.0 = Release|Any CPU
	EndGlobalSection
	GlobalSection(SolutionProperties) = preSolution
		HideSolutionNode = FALSE
	EndGlobalSection
	GlobalSection(ExtensibilityGlobals) = postSolution
		SolutionGuid = {28393C54-19B0-478E-946B-15C25B262A63}
	EndGlobalSection
EndGlobal
